
Microsoft Visual Studio Solution File, Format Version 12.00
# Visual Studio 14
VisualStudioVersion = 14.0.25420.1
MinimumVisualStudioVersion = 10.0.40219.1
Project("{2150E333-8FDC-42A3-9474-1A3956D46DE8}") = "sw expert", "sw expert", "{1D4B6C1D-25B3-4A0C-A590-AA9462FE712D}"
EndProject
Project("{8BC9CEB8-8B4A-11D0-8D11-00A0C91BC942}") = "차량정비소", "차량정비소\차량정비소.vcxproj", "{84A08D1C-C547-4B19-B8A6-4E2E5D63DB09}"
EndProject
Project("{8BC9CEB8-8B4A-11D0-8D11-00A0C91BC942}") = "벌꿀채취", "벌꿀채취\벌꿀채취.vcxproj", "{C5A8CA1C-678D-4DE9-94C8-0D38528FA4B9}"
EndProject
Project("{8BC9CEB8-8B4A-11D0-8D11-00A0C91BC942}") = "미생물격리", "미생물격리\미생물격리.vcxproj", "{248EFEDD-A7E4-4BF4-9743-7714609DE60D}"
EndProject
Project("{8BC9CEB8-8B4A-11D0-8D11-00A0C91BC942}") = "홈 방범 서비스", "홈 방범 서비스\홈 방범 서비스.vcxproj", "{B6045556-8E82-41C1-A08E-6E93CBE884E2}"
EndProject
Project("{8BC9CEB8-8B4A-11D0-8D11-00A0C91BC942}") = "디저트카페", "디저트카페\디저트카페.vcxproj", "{7C1D983C-AA15-4A4A-8053-05E8F15307FA}"
EndProject
Project("{8BC9CEB8-8B4A-11D0-8D11-00A0C91BC942}") = "탈주범검거", "탈주범검거\탈주범검거.vcxproj", "{EB1BD18D-48EB-4F60-BF82-5348402B0A90}"
EndProject
Project("{8BC9CEB8-8B4A-11D0-8D11-00A0C91BC942}") = "등산로조성", "등산로조성\등산로조성.vcxproj", "{EE75FD77-1734-4C11-882C-67618BC7A2F6}"
EndProject
Global
	GlobalSection(SolutionConfigurationPlatforms) = preSolution
		Debug|x64 = Debug|x64
		Debug|x86 = Debug|x86
		Release|x64 = Release|x64
		Release|x86 = Release|x86
	EndGlobalSection
	GlobalSection(ProjectConfigurationPlatforms) = postSolution
		{84A08D1C-C547-4B19-B8A6-4E2E5D63DB09}.Debug|x64.ActiveCfg = Debug|x64
		{84A08D1C-C547-4B19-B8A6-4E2E5D63DB09}.Debug|x64.Build.0 = Debug|x64
		{84A08D1C-C547-4B19-B8A6-4E2E5D63DB09}.Debug|x86.ActiveCfg = Debug|Win32
		{84A08D1C-C547-4B19-B8A6-4E2E5D63DB09}.Debug|x86.Build.0 = Debug|Win32
		{84A08D1C-C547-4B19-B8A6-4E2E5D63DB09}.Release|x64.ActiveCfg = Release|x64
		{84A08D1C-C547-4B19-B8A6-4E2E5D63DB09}.Release|x64.Build.0 = Release|x64
		{84A08D1C-C547-4B19-B8A6-4E2E5D63DB09}.Release|x86.ActiveCfg = Release|Win32
		{84A08D1C-C547-4B19-B8A6-4E2E5D63DB09}.Release|x86.Build.0 = Release|Win32
		{C5A8CA1C-678D-4DE9-94C8-0D38528FA4B9}.Debug|x64.ActiveCfg = Debug|x64
		{C5A8CA1C-678D-4DE9-94C8-0D38528FA4B9}.Debug|x64.Build.0 = Debug|x64
		{C5A8CA1C-678D-4DE9-94C8-0D38528FA4B9}.Debug|x86.ActiveCfg = Debug|Win32
		{C5A8CA1C-678D-4DE9-94C8-0D38528FA4B9}.Debug|x86.Build.0 = Debug|Win32
		{C5A8CA1C-678D-4DE9-94C8-0D38528FA4B9}.Release|x64.ActiveCfg = Release|x64
		{C5A8CA1C-678D-4DE9-94C8-0D38528FA4B9}.Release|x64.Build.0 = Release|x64
		{C5A8CA1C-678D-4DE9-94C8-0D38528FA4B9}.Release|x86.ActiveCfg = Release|Win32
		{C5A8CA1C-678D-4DE9-94C8-0D38528FA4B9}.Release|x86.Build.0 = Release|Win32
		{248EFEDD-A7E4-4BF4-9743-7714609DE60D}.Debug|x64.ActiveCfg = Debug|x64
		{248EFEDD-A7E4-4BF4-9743-7714609DE60D}.Debug|x64.Build.0 = Debug|x64
		{248EFEDD-A7E4-4BF4-9743-7714609DE60D}.Debug|x86.ActiveCfg = Debug|Win32
		{248EFEDD-A7E4-4BF4-9743-7714609DE60D}.Debug|x86.Build.0 = Debug|Win32
		{248EFEDD-A7E4-4BF4-9743-7714609DE60D}.Release|x64.ActiveCfg = Release|x64
		{248EFEDD-A7E4-4BF4-9743-7714609DE60D}.Release|x64.Build.0 = Release|x64
		{248EFEDD-A7E4-4BF4-9743-7714609DE60D}.Release|x86.ActiveCfg = Release|Win32
		{248EFEDD-A7E4-4BF4-9743-7714609DE60D}.Release|x86.Build.0 = Release|Win32
		{B6045556-8E82-41C1-A08E-6E93CBE884E2}.Debug|x64.ActiveCfg = Debug|x64
		{B6045556-8E82-41C1-A08E-6E93CBE884E2}.Debug|x64.Build.0 = Debug|x64
		{B6045556-8E82-41C1-A08E-6E93CBE884E2}.Debug|x86.ActiveCfg = Debug|Win32
		{B6045556-8E82-41C1-A08E-6E93CBE884E2}.Debug|x86.Build.0 = Debug|Win32
		{B6045556-8E82-41C1-A08E-6E93CBE884E2}.Release|x64.ActiveCfg = Release|x64
		{B6045556-8E82-41C1-A08E-6E93CBE884E2}.Release|x64.Build.0 = Release|x64
		{B6045556-8E82-41C1-A08E-6E93CBE884E2}.Release|x86.ActiveCfg = Release|Win32
		{B6045556-8E82-41C1-A08E-6E93CBE884E2}.Release|x86.Build.0 = Release|Win32
		{7C1D983C-AA15-4A4A-8053-05E8F15307FA}.Debug|x64.ActiveCfg = Debug|x64
		{7C1D983C-AA15-4A4A-8053-05E8F15307FA}.Debug|x64.Build.0 = Debug|x64
		{7C1D983C-AA15-4A4A-8053-05E8F15307FA}.Debug|x86.ActiveCfg = Debug|Win32
		{7C1D983C-AA15-4A4A-8053-05E8F15307FA}.Debug|x86.Build.0 = Debug|Win32
		{7C1D983C-AA15-4A4A-8053-05E8F15307FA}.Release|x64.ActiveCfg = Release|x64
		{7C1D983C-AA15-4A4A-8053-05E8F15307FA}.Release|x64.Build.0 = Release|x64
		{7C1D983C-AA15-4A4A-8053-05E8F15307FA}.Release|x86.ActiveCfg = Release|Win32
		{7C1D983C-AA15-4A4A-8053-05E8F15307FA}.Release|x86.Build.0 = Release|Win32
		{EB1BD18D-48EB-4F60-BF82-5348402B0A90}.Debug|x64.ActiveCfg = Debug|x64
		{EB1BD18D-48EB-4F60-BF82-5348402B0A90}.Debug|x64.Build.0 = Debug|x64
		{EB1BD18D-48EB-4F60-BF82-5348402B0A90}.Debug|x86.ActiveCfg = Debug|Win32
		{EB1BD18D-48EB-4F60-BF82-5348402B0A90}.Debug|x86.Build.0 = Debug|Win32
		{EB1BD18D-48EB-4F60-BF82-5348402B0A90}.Release|x64.ActiveCfg = Release|x64
		{EB1BD18D-48EB-4F60-BF82-5348402B0A90}.Release|x64.Build.0 = Release|x64
		{EB1BD18D-48EB-4F60-BF82-5348402B0A90}.Release|x86.ActiveCfg = Release|Win32
		{EB1BD18D-48EB-4F60-BF82-5348402B0A90}.Release|x86.Build.0 = Release|Win32
		{EE75FD77-1734-4C11-882C-67618BC7A2F6}.Debug|x64.ActiveCfg = Debug|x64
		{EE75FD77-1734-4C11-882C-67618BC7A2F6}.Debug|x64.Build.0 = Debug|x64
		{EE75FD77-1734-4C11-882C-67618BC7A2F6}.Debug|x86.ActiveCfg = Debug|Win32
		{EE75FD77-1734-4C11-882C-67618BC7A2F6}.Debug|x86.Build.0 = Debug|Win32
		{EE75FD77-1734-4C11-882C-67618BC7A2F6}.Release|x64.ActiveCfg = Release|x64
		{EE75FD77-1734-4C11-882C-67618BC7A2F6}.Release|x64.Build.0 = Release|x64
		{EE75FD77-1734-4C11-882C-67618BC7A2F6}.Release|x86.ActiveCfg = Release|Win32
		{EE75FD77-1734-4C11-882C-67618BC7A2F6}.Release|x86.Build.0 = Release|Win32
	EndGlobalSection
	GlobalSection(SolutionProperties) = preSolution
		HideSolutionNode = FALSE
	EndGlobalSection
	GlobalSection(NestedProjects) = preSolution
		{84A08D1C-C547-4B19-B8A6-4E2E5D63DB09} = {1D4B6C1D-25B3-4A0C-A590-AA9462FE712D}
		{C5A8CA1C-678D-4DE9-94C8-0D38528FA4B9} = {1D4B6C1D-25B3-4A0C-A590-AA9462FE712D}
		{248EFEDD-A7E4-4BF4-9743-7714609DE60D} = {1D4B6C1D-25B3-4A0C-A590-AA9462FE712D}
		{B6045556-8E82-41C1-A08E-6E93CBE884E2} = {1D4B6C1D-25B3-4A0C-A590-AA9462FE712D}
		{7C1D983C-AA15-4A4A-8053-05E8F15307FA} = {1D4B6C1D-25B3-4A0C-A590-AA9462FE712D}
		{EB1BD18D-48EB-4F60-BF82-5348402B0A90} = {1D4B6C1D-25B3-4A0C-A590-AA9462FE712D}
		{EE75FD77-1734-4C11-882C-67618BC7A2F6} = {1D4B6C1D-25B3-4A0C-A590-AA9462FE712D}
	EndGlobalSection
EndGlobal
