
Microsoft Visual Studio Solution File, Format Version 12.00
# Visual Studio 14
VisualStudioVersion = 14.0.25420.1
MinimumVisualStudioVersion = 10.0.40219.1
Project("{2150E333-8FDC-42A3-9474-1A3956D46DE8}") = "sw expert", "sw expert", "{1D4B6C1D-25B3-4A0C-A590-AA9462FE712D}"
EndProject
Project("{8BC9CEB8-8B4A-11D0-8D11-00A0C91BC942}") = "차량정비소", "차량정비소\차량정비소.vcxproj", "{84A08D1C-C547-4B19-B8A6-4E2E5D63DB09}"
EndProject
Project("{8BC9CEB8-8B4A-11D0-8D11-00A0C91BC942}") = "벌꿀채취", "벌꿀채취\벌꿀채취.vcxproj", "{C5A8CA1C-678D-4DE9-94C8-0D38528FA4B9}"
EndProject
Project("{8BC9CEB8-8B4A-11D0-8D11-00A0C91BC942}") = "미생물격리", "미생물격리\미생물격리.vcxproj", "{248EFEDD-A7E4-4BF4-9743-7714609DE60D}"
EndProject
Project("{8BC9CEB8-8B4A-11D0-8D11-00A0C91BC942}") = "홈 방범 서비스", "홈 방범 서비스\홈 방범 서비스.vcxproj", "{B6045556-8E82-41C1-A08E-6E93CBE884E2}"
EndProject
Project("{8BC9CEB8-8B4A-11D0-8D11-00A0C91BC942}") = "디저트카페", "디저트카페\디저트카페.vcxproj", "{7C1D983C-AA15-4A4A-8053-05E8F15307FA}"
EndProject
Project("{8BC9CEB8-8B4A-11D0-8D11-00A0C91BC942}") = "탈주범검거", "탈주범검거\탈주범검거.vcxproj", "{EB1BD18D-48EB-4F60-BF82-5348402B0A90}"
EndProject
Project("{8BC9CEB8-8B4A-11D0-8D11-00A0C91BC942}") = "등산로조성", "등산로조성\등산로조성.vcxproj", "{EE75FD77-1734-4C11-882C-67618BC7A2F6}"
EndProject
Project("{8BC9CEB8-8B4A-11D0-8D11-00A0C91BC942}") = "수영장", "수영장\수영장.vcxproj", "{E6E57F74-24A6-4949-8BCF-C0FEBFE2C16A}"
EndProject
Project("{8BC9CEB8-8B4A-11D0-8D11-00A0C91BC942}") = "보호필름", "보호필름\보호필름.vcxproj", "{128B1813-EEE4-49DA-9B85-0AD0163FB1D8}"
EndProject
Project("{8BC9CEB8-8B4A-11D0-8D11-00A0C91BC942}") = "점심식사시간", "점심식사시간\점심식사시간.vcxproj", "{694E5603-D957-40F2-852E-A4FAEA513C60}"
EndProject
Project("{2150E333-8FDC-42A3-9474-1A3956D46DE8}") = "기출", "기출", "{4464C42E-00F6-45FE-8CA7-54089C7E7BA3}"
EndProject
Project("{8BC9CEB8-8B4A-11D0-8D11-00A0C91BC942}") = "연구소", "연구소\연구소.vcxproj", "{3176EFC4-CE0E-4980-8DEE-16348E029C1C}"
EndProject
Project("{8BC9CEB8-8B4A-11D0-8D11-00A0C91BC942}") = "퇴사", "퇴사\퇴사.vcxproj", "{9E98EFC5-BB98-496C-BE23-619DD4381383}"
EndProject
Project("{8BC9CEB8-8B4A-11D0-8D11-00A0C91BC942}") = "로봇청소기", "로봇청소기\로봇청소기.vcxproj", "{5D1EDF33-1B80-4BEB-B14A-9928F53B237B}"
EndProject
Project("{8BC9CEB8-8B4A-11D0-8D11-00A0C91BC942}") = "주사위굴리기", "주사위굴리기\주사위굴리기.vcxproj", "{F9A401F0-4B2A-405A-94FE-C641CC77AEC6}"
EndProject
Project("{8BC9CEB8-8B4A-11D0-8D11-00A0C91BC942}") = "테트로미노", "테트로미노\테트로미노.vcxproj", "{24B11CA6-9602-41B3-A29A-FFFC537B9BB3}"
EndProject
Project("{8BC9CEB8-8B4A-11D0-8D11-00A0C91BC942}") = "Test", "Test\Test.vcxproj", "{8790967D-121F-4CBE-BC0D-1F91406A853F}"
EndProject
Project("{8BC9CEB8-8B4A-11D0-8D11-00A0C91BC942}") = "2048", "2048\2048.vcxproj", "{D9D4634B-208F-430B-888C-D40862224CBC}"
EndProject
Project("{8BC9CEB8-8B4A-11D0-8D11-00A0C91BC942}") = "쨰로탈출2", "쨰로탈출2\쨰로탈출2.vcxproj", "{DAF6C6B1-1979-4D54-A0DC-02A7BDCC6ECC}"
EndProject
Global
	GlobalSection(SolutionConfigurationPlatforms) = preSolution
		Debug|x64 = Debug|x64
		Debug|x86 = Debug|x86
		Release|x64 = Release|x64
		Release|x86 = Release|x86
	EndGlobalSection
	GlobalSection(ProjectConfigurationPlatforms) = postSolution
		{84A08D1C-C547-4B19-B8A6-4E2E5D63DB09}.Debug|x64.ActiveCfg = Debug|x64
		{84A08D1C-C547-4B19-B8A6-4E2E5D63DB09}.Debug|x64.Build.0 = Debug|x64
		{84A08D1C-C547-4B19-B8A6-4E2E5D63DB09}.Debug|x86.ActiveCfg = Debug|Win32
		{84A08D1C-C547-4B19-B8A6-4E2E5D63DB09}.Debug|x86.Build.0 = Debug|Win32
		{84A08D1C-C547-4B19-B8A6-4E2E5D63DB09}.Release|x64.ActiveCfg = Release|x64
		{84A08D1C-C547-4B19-B8A6-4E2E5D63DB09}.Release|x64.Build.0 = Release|x64
		{84A08D1C-C547-4B19-B8A6-4E2E5D63DB09}.Release|x86.ActiveCfg = Release|Win32
		{84A08D1C-C547-4B19-B8A6-4E2E5D63DB09}.Release|x86.Build.0 = Release|Win32
		{C5A8CA1C-678D-4DE9-94C8-0D38528FA4B9}.Debug|x64.ActiveCfg = Debug|x64
		{C5A8CA1C-678D-4DE9-94C8-0D38528FA4B9}.Debug|x64.Build.0 = Debug|x64
		{C5A8CA1C-678D-4DE9-94C8-0D38528FA4B9}.Debug|x86.ActiveCfg = Debug|Win32
		{C5A8CA1C-678D-4DE9-94C8-0D38528FA4B9}.Debug|x86.Build.0 = Debug|Win32
		{C5A8CA1C-678D-4DE9-94C8-0D38528FA4B9}.Release|x64.ActiveCfg = Release|x64
		{C5A8CA1C-678D-4DE9-94C8-0D38528FA4B9}.Release|x64.Build.0 = Release|x64
		{C5A8CA1C-678D-4DE9-94C8-0D38528FA4B9}.Release|x86.ActiveCfg = Release|Win32
		{C5A8CA1C-678D-4DE9-94C8-0D38528FA4B9}.Release|x86.Build.0 = Release|Win32
		{248EFEDD-A7E4-4BF4-9743-7714609DE60D}.Debug|x64.ActiveCfg = Debug|x64
		{248EFEDD-A7E4-4BF4-9743-7714609DE60D}.Debug|x64.Build.0 = Debug|x64
		{248EFEDD-A7E4-4BF4-9743-7714609DE60D}.Debug|x86.ActiveCfg = Debug|Win32
		{248EFEDD-A7E4-4BF4-9743-7714609DE60D}.Debug|x86.Build.0 = Debug|Win32
		{248EFEDD-A7E4-4BF4-9743-7714609DE60D}.Release|x64.ActiveCfg = Release|x64
		{248EFEDD-A7E4-4BF4-9743-7714609DE60D}.Release|x64.Build.0 = Release|x64
		{248EFEDD-A7E4-4BF4-9743-7714609DE60D}.Release|x86.ActiveCfg = Release|Win32
		{248EFEDD-A7E4-4BF4-9743-7714609DE60D}.Release|x86.Build.0 = Release|Win32
		{B6045556-8E82-41C1-A08E-6E93CBE884E2}.Debug|x64.ActiveCfg = Debug|x64
		{B6045556-8E82-41C1-A08E-6E93CBE884E2}.Debug|x64.Build.0 = Debug|x64
		{B6045556-8E82-41C1-A08E-6E93CBE884E2}.Debug|x86.ActiveCfg = Debug|Win32
		{B6045556-8E82-41C1-A08E-6E93CBE884E2}.Debug|x86.Build.0 = Debug|Win32
		{B6045556-8E82-41C1-A08E-6E93CBE884E2}.Release|x64.ActiveCfg = Release|x64
		{B6045556-8E82-41C1-A08E-6E93CBE884E2}.Release|x64.Build.0 = Release|x64
		{B6045556-8E82-41C1-A08E-6E93CBE884E2}.Release|x86.ActiveCfg = Release|Win32
		{B6045556-8E82-41C1-A08E-6E93CBE884E2}.Release|x86.Build.0 = Release|Win32
		{7C1D983C-AA15-4A4A-8053-05E8F15307FA}.Debug|x64.ActiveCfg = Debug|x64
		{7C1D983C-AA15-4A4A-8053-05E8F15307FA}.Debug|x64.Build.0 = Debug|x64
		{7C1D983C-AA15-4A4A-8053-05E8F15307FA}.Debug|x86.ActiveCfg = Debug|Win32
		{7C1D983C-AA15-4A4A-8053-05E8F15307FA}.Debug|x86.Build.0 = Debug|Win32
		{7C1D983C-AA15-4A4A-8053-05E8F15307FA}.Release|x64.ActiveCfg = Release|x64
		{7C1D983C-AA15-4A4A-8053-05E8F15307FA}.Release|x64.Build.0 = Release|x64
		{7C1D983C-AA15-4A4A-8053-05E8F15307FA}.Release|x86.ActiveCfg = Release|Win32
		{7C1D983C-AA15-4A4A-8053-05E8F15307FA}.Release|x86.Build.0 = Release|Win32
		{EB1BD18D-48EB-4F60-BF82-5348402B0A90}.Debug|x64.ActiveCfg = Debug|x64
		{EB1BD18D-48EB-4F60-BF82-5348402B0A90}.Debug|x64.Build.0 = Debug|x64
		{EB1BD18D-48EB-4F60-BF82-5348402B0A90}.Debug|x86.ActiveCfg = Debug|Win32
		{EB1BD18D-48EB-4F60-BF82-5348402B0A90}.Debug|x86.Build.0 = Debug|Win32
		{EB1BD18D-48EB-4F60-BF82-5348402B0A90}.Release|x64.ActiveCfg = Release|x64
		{EB1BD18D-48EB-4F60-BF82-5348402B0A90}.Release|x64.Build.0 = Release|x64
		{EB1BD18D-48EB-4F60-BF82-5348402B0A90}.Release|x86.ActiveCfg = Release|Win32
		{EB1BD18D-48EB-4F60-BF82-5348402B0A90}.Release|x86.Build.0 = Release|Win32
		{EE75FD77-1734-4C11-882C-67618BC7A2F6}.Debug|x64.ActiveCfg = Debug|x64
		{EE75FD77-1734-4C11-882C-67618BC7A2F6}.Debug|x64.Build.0 = Debug|x64
		{EE75FD77-1734-4C11-882C-67618BC7A2F6}.Debug|x86.ActiveCfg = Debug|Win32
		{EE75FD77-1734-4C11-882C-67618BC7A2F6}.Debug|x86.Build.0 = Debug|Win32
		{EE75FD77-1734-4C11-882C-67618BC7A2F6}.Release|x64.ActiveCfg = Release|x64
		{EE75FD77-1734-4C11-882C-67618BC7A2F6}.Release|x64.Build.0 = Release|x64
		{EE75FD77-1734-4C11-882C-67618BC7A2F6}.Release|x86.ActiveCfg = Release|Win32
		{EE75FD77-1734-4C11-882C-67618BC7A2F6}.Release|x86.Build.0 = Release|Win32
		{E6E57F74-24A6-4949-8BCF-C0FEBFE2C16A}.Debug|x64.ActiveCfg = Debug|x64
		{E6E57F74-24A6-4949-8BCF-C0FEBFE2C16A}.Debug|x64.Build.0 = Debug|x64
		{E6E57F74-24A6-4949-8BCF-C0FEBFE2C16A}.Debug|x86.ActiveCfg = Debug|Win32
		{E6E57F74-24A6-4949-8BCF-C0FEBFE2C16A}.Debug|x86.Build.0 = Debug|Win32
		{E6E57F74-24A6-4949-8BCF-C0FEBFE2C16A}.Release|x64.ActiveCfg = Release|x64
		{E6E57F74-24A6-4949-8BCF-C0FEBFE2C16A}.Release|x64.Build.0 = Release|x64
		{E6E57F74-24A6-4949-8BCF-C0FEBFE2C16A}.Release|x86.ActiveCfg = Release|Win32
		{E6E57F74-24A6-4949-8BCF-C0FEBFE2C16A}.Release|x86.Build.0 = Release|Win32
		{128B1813-EEE4-49DA-9B85-0AD0163FB1D8}.Debug|x64.ActiveCfg = Debug|x64
		{128B1813-EEE4-49DA-9B85-0AD0163FB1D8}.Debug|x64.Build.0 = Debug|x64
		{128B1813-EEE4-49DA-9B85-0AD0163FB1D8}.Debug|x86.ActiveCfg = Debug|Win32
		{128B1813-EEE4-49DA-9B85-0AD0163FB1D8}.Debug|x86.Build.0 = Debug|Win32
		{128B1813-EEE4-49DA-9B85-0AD0163FB1D8}.Release|x64.ActiveCfg = Release|x64
		{128B1813-EEE4-49DA-9B85-0AD0163FB1D8}.Release|x64.Build.0 = Release|x64
		{128B1813-EEE4-49DA-9B85-0AD0163FB1D8}.Release|x86.ActiveCfg = Release|Win32
		{128B1813-EEE4-49DA-9B85-0AD0163FB1D8}.Release|x86.Build.0 = Release|Win32
		{694E5603-D957-40F2-852E-A4FAEA513C60}.Debug|x64.ActiveCfg = Debug|x64
		{694E5603-D957-40F2-852E-A4FAEA513C60}.Debug|x64.Build.0 = Debug|x64
		{694E5603-D957-40F2-852E-A4FAEA513C60}.Debug|x86.ActiveCfg = Debug|Win32
		{694E5603-D957-40F2-852E-A4FAEA513C60}.Debug|x86.Build.0 = Debug|Win32
		{694E5603-D957-40F2-852E-A4FAEA513C60}.Release|x64.ActiveCfg = Release|x64
		{694E5603-D957-40F2-852E-A4FAEA513C60}.Release|x64.Build.0 = Release|x64
		{694E5603-D957-40F2-852E-A4FAEA513C60}.Release|x86.ActiveCfg = Release|Win32
		{694E5603-D957-40F2-852E-A4FAEA513C60}.Release|x86.Build.0 = Release|Win32
		{3176EFC4-CE0E-4980-8DEE-16348E029C1C}.Debug|x64.ActiveCfg = Debug|x64
		{3176EFC4-CE0E-4980-8DEE-16348E029C1C}.Debug|x64.Build.0 = Debug|x64
		{3176EFC4-CE0E-4980-8DEE-16348E029C1C}.Debug|x86.ActiveCfg = Debug|Win32
		{3176EFC4-CE0E-4980-8DEE-16348E029C1C}.Debug|x86.Build.0 = Debug|Win32
		{3176EFC4-CE0E-4980-8DEE-16348E029C1C}.Release|x64.ActiveCfg = Release|x64
		{3176EFC4-CE0E-4980-8DEE-16348E029C1C}.Release|x64.Build.0 = Release|x64
		{3176EFC4-CE0E-4980-8DEE-16348E029C1C}.Release|x86.ActiveCfg = Release|Win32
		{3176EFC4-CE0E-4980-8DEE-16348E029C1C}.Release|x86.Build.0 = Release|Win32
		{9E98EFC5-BB98-496C-BE23-619DD4381383}.Debug|x64.ActiveCfg = Debug|x64
		{9E98EFC5-BB98-496C-BE23-619DD4381383}.Debug|x64.Build.0 = Debug|x64
		{9E98EFC5-BB98-496C-BE23-619DD4381383}.Debug|x86.ActiveCfg = Debug|Win32
		{9E98EFC5-BB98-496C-BE23-619DD4381383}.Debug|x86.Build.0 = Debug|Win32
		{9E98EFC5-BB98-496C-BE23-619DD4381383}.Release|x64.ActiveCfg = Release|x64
		{9E98EFC5-BB98-496C-BE23-619DD4381383}.Release|x64.Build.0 = Release|x64
		{9E98EFC5-BB98-496C-BE23-619DD4381383}.Release|x86.ActiveCfg = Release|Win32
		{9E98EFC5-BB98-496C-BE23-619DD4381383}.Release|x86.Build.0 = Release|Win32
		{5D1EDF33-1B80-4BEB-B14A-9928F53B237B}.Debug|x64.ActiveCfg = Debug|x64
		{5D1EDF33-1B80-4BEB-B14A-9928F53B237B}.Debug|x64.Build.0 = Debug|x64
		{5D1EDF33-1B80-4BEB-B14A-9928F53B237B}.Debug|x86.ActiveCfg = Debug|Win32
		{5D1EDF33-1B80-4BEB-B14A-9928F53B237B}.Debug|x86.Build.0 = Debug|Win32
		{5D1EDF33-1B80-4BEB-B14A-9928F53B237B}.Release|x64.ActiveCfg = Release|x64
		{5D1EDF33-1B80-4BEB-B14A-9928F53B237B}.Release|x64.Build.0 = Release|x64
		{5D1EDF33-1B80-4BEB-B14A-9928F53B237B}.Release|x86.ActiveCfg = Release|Win32
		{5D1EDF33-1B80-4BEB-B14A-9928F53B237B}.Release|x86.Build.0 = Release|Win32
		{F9A401F0-4B2A-405A-94FE-C641CC77AEC6}.Debug|x64.ActiveCfg = Debug|x64
		{F9A401F0-4B2A-405A-94FE-C641CC77AEC6}.Debug|x64.Build.0 = Debug|x64
		{F9A401F0-4B2A-405A-94FE-C641CC77AEC6}.Debug|x86.ActiveCfg = Debug|Win32
		{F9A401F0-4B2A-405A-94FE-C641CC77AEC6}.Debug|x86.Build.0 = Debug|Win32
		{F9A401F0-4B2A-405A-94FE-C641CC77AEC6}.Release|x64.ActiveCfg = Release|x64
		{F9A401F0-4B2A-405A-94FE-C641CC77AEC6}.Release|x64.Build.0 = Release|x64
		{F9A401F0-4B2A-405A-94FE-C641CC77AEC6}.Release|x86.ActiveCfg = Release|Win32
		{F9A401F0-4B2A-405A-94FE-C641CC77AEC6}.Release|x86.Build.0 = Release|Win32
		{24B11CA6-9602-41B3-A29A-FFFC537B9BB3}.Debug|x64.ActiveCfg = Debug|x64
		{24B11CA6-9602-41B3-A29A-FFFC537B9BB3}.Debug|x64.Build.0 = Debug|x64
		{24B11CA6-9602-41B3-A29A-FFFC537B9BB3}.Debug|x86.ActiveCfg = Debug|Win32
		{24B11CA6-9602-41B3-A29A-FFFC537B9BB3}.Debug|x86.Build.0 = Debug|Win32
		{24B11CA6-9602-41B3-A29A-FFFC537B9BB3}.Release|x64.ActiveCfg = Release|x64
		{24B11CA6-9602-41B3-A29A-FFFC537B9BB3}.Release|x64.Build.0 = Release|x64
		{24B11CA6-9602-41B3-A29A-FFFC537B9BB3}.Release|x86.ActiveCfg = Release|Win32
		{24B11CA6-9602-41B3-A29A-FFFC537B9BB3}.Release|x86.Build.0 = Release|Win32
		{8790967D-121F-4CBE-BC0D-1F91406A853F}.Debug|x64.ActiveCfg = Debug|x64
		{8790967D-121F-4CBE-BC0D-1F91406A853F}.Debug|x64.Build.0 = Debug|x64
		{8790967D-121F-4CBE-BC0D-1F91406A853F}.Debug|x86.ActiveCfg = Debug|Win32
		{8790967D-121F-4CBE-BC0D-1F91406A853F}.Debug|x86.Build.0 = Debug|Win32
		{8790967D-121F-4CBE-BC0D-1F91406A853F}.Release|x64.ActiveCfg = Release|x64
		{8790967D-121F-4CBE-BC0D-1F91406A853F}.Release|x64.Build.0 = Release|x64
		{8790967D-121F-4CBE-BC0D-1F91406A853F}.Release|x86.ActiveCfg = Release|Win32
		{8790967D-121F-4CBE-BC0D-1F91406A853F}.Release|x86.Build.0 = Release|Win32
		{D9D4634B-208F-430B-888C-D40862224CBC}.Debug|x64.ActiveCfg = Debug|x64
		{D9D4634B-208F-430B-888C-D40862224CBC}.Debug|x64.Build.0 = Debug|x64
		{D9D4634B-208F-430B-888C-D40862224CBC}.Debug|x86.ActiveCfg = Debug|Win32
		{D9D4634B-208F-430B-888C-D40862224CBC}.Debug|x86.Build.0 = Debug|Win32
		{D9D4634B-208F-430B-888C-D40862224CBC}.Release|x64.ActiveCfg = Release|x64
		{D9D4634B-208F-430B-888C-D40862224CBC}.Release|x64.Build.0 = Release|x64
		{D9D4634B-208F-430B-888C-D40862224CBC}.Release|x86.ActiveCfg = Release|Win32
		{D9D4634B-208F-430B-888C-D40862224CBC}.Release|x86.Build.0 = Release|Win32
		{DAF6C6B1-1979-4D54-A0DC-02A7BDCC6ECC}.Debug|x64.ActiveCfg = Debug|x64
		{DAF6C6B1-1979-4D54-A0DC-02A7BDCC6ECC}.Debug|x64.Build.0 = Debug|x64
		{DAF6C6B1-1979-4D54-A0DC-02A7BDCC6ECC}.Debug|x86.ActiveCfg = Debug|Win32
		{DAF6C6B1-1979-4D54-A0DC-02A7BDCC6ECC}.Debug|x86.Build.0 = Debug|Win32
		{DAF6C6B1-1979-4D54-A0DC-02A7BDCC6ECC}.Release|x64.ActiveCfg = Release|x64
		{DAF6C6B1-1979-4D54-A0DC-02A7BDCC6ECC}.Release|x64.Build.0 = Release|x64
		{DAF6C6B1-1979-4D54-A0DC-02A7BDCC6ECC}.Release|x86.ActiveCfg = Release|Win32
		{DAF6C6B1-1979-4D54-A0DC-02A7BDCC6ECC}.Release|x86.Build.0 = Release|Win32
	EndGlobalSection
	GlobalSection(SolutionProperties) = preSolution
		HideSolutionNode = FALSE
	EndGlobalSection
	GlobalSection(NestedProjects) = preSolution
		{84A08D1C-C547-4B19-B8A6-4E2E5D63DB09} = {1D4B6C1D-25B3-4A0C-A590-AA9462FE712D}
		{C5A8CA1C-678D-4DE9-94C8-0D38528FA4B9} = {1D4B6C1D-25B3-4A0C-A590-AA9462FE712D}
		{248EFEDD-A7E4-4BF4-9743-7714609DE60D} = {1D4B6C1D-25B3-4A0C-A590-AA9462FE712D}
		{B6045556-8E82-41C1-A08E-6E93CBE884E2} = {1D4B6C1D-25B3-4A0C-A590-AA9462FE712D}
		{7C1D983C-AA15-4A4A-8053-05E8F15307FA} = {1D4B6C1D-25B3-4A0C-A590-AA9462FE712D}
		{EB1BD18D-48EB-4F60-BF82-5348402B0A90} = {1D4B6C1D-25B3-4A0C-A590-AA9462FE712D}
		{EE75FD77-1734-4C11-882C-67618BC7A2F6} = {1D4B6C1D-25B3-4A0C-A590-AA9462FE712D}
		{E6E57F74-24A6-4949-8BCF-C0FEBFE2C16A} = {1D4B6C1D-25B3-4A0C-A590-AA9462FE712D}
		{128B1813-EEE4-49DA-9B85-0AD0163FB1D8} = {1D4B6C1D-25B3-4A0C-A590-AA9462FE712D}
		{694E5603-D957-40F2-852E-A4FAEA513C60} = {1D4B6C1D-25B3-4A0C-A590-AA9462FE712D}
		{3176EFC4-CE0E-4980-8DEE-16348E029C1C} = {4464C42E-00F6-45FE-8CA7-54089C7E7BA3}
		{9E98EFC5-BB98-496C-BE23-619DD4381383} = {4464C42E-00F6-45FE-8CA7-54089C7E7BA3}
		{5D1EDF33-1B80-4BEB-B14A-9928F53B237B} = {4464C42E-00F6-45FE-8CA7-54089C7E7BA3}
		{F9A401F0-4B2A-405A-94FE-C641CC77AEC6} = {4464C42E-00F6-45FE-8CA7-54089C7E7BA3}
		{24B11CA6-9602-41B3-A29A-FFFC537B9BB3} = {4464C42E-00F6-45FE-8CA7-54089C7E7BA3}
		{8790967D-121F-4CBE-BC0D-1F91406A853F} = {4464C42E-00F6-45FE-8CA7-54089C7E7BA3}
		{D9D4634B-208F-430B-888C-D40862224CBC} = {4464C42E-00F6-45FE-8CA7-54089C7E7BA3}
		{DAF6C6B1-1979-4D54-A0DC-02A7BDCC6ECC} = {4464C42E-00F6-45FE-8CA7-54089C7E7BA3}
	EndGlobalSection
EndGlobal
